{
 "graph_lock": {
  "nodes": {
   "0": {
    "ref": "user-management/1.0.0-dev.1",
    "requires": [
     "1",
     "10",
     "12",
     "13"
    ],
    "build_requires": [
     "14"
    ],
    "path": "conanfile.py",
    "context": "host"
   },
   "1": {
    "ref": "restinio/0.6.13#d6e07d537b9a2eacb7e5c5a387fbb122",
    "requires": [
     "2",
     "3",
     "4",
     "5",
     "6",
     "7",
     "8",
     "9"
    ],
    "context": "host"
   },
   "2": {
    "ref": "http_parser/2.9.4#68d0994d072e25ac7b300ff76802be9b",
    "context": "host"
   },
   "3": {
    "ref": "fmt/7.1.3#a803168964c997f1f74def0499a0bba2",
    "context": "host"
   },
   "4": {
    "ref": "expected-lite/0.5.0#be98443653439dd87e4c4afb57846f1b",
    "context": "host"
   },
   "5": {
    "ref": "optional-lite/3.4.0#70a4a81fbb3b86d22c797360857f5955",
    "context": "host"
   },
   "6": {
    "ref": "string-view-lite/1.6.0#326afcf276c7c791558045027b294501",
    "context": "host"
   },
   "7": {
    "ref": "variant-lite/1.2.2#e2a9ee39933cb18d2326dab6cfe97375",
    "context": "host"
   },
   "8": {
    "ref": "asio/1.18.1#358023b3793c02a2b62a085c6e906056",
    "context": "host"
   },
   "9": {
    "ref": "openssl/1.1.1k#688f7f1454ac56b46b0276cea3300296",
    "context": "host"
   },
   "10": {
    "ref": "json-schema-validator/2.1.0#a2a0f16dc456d099ebea16329868c60d",
    "requires": [
     "11"
    ],
    "context": "host"
   },
   "11": {
    "ref": "nlohmann_json/3.9.1#110d60d98d82121adf0e5c04ab5a5001",
    "context": "host"
   },
   "12": {
    "ref": "lyra/1.5.0#df32f3be54eb7ed3c3d1583ee392d93b",
    "context": "host"
   },
   "13": {
    "ref": "spdlog/1.8.5#b6e2b540c3c92d2ce95458e4cd1c744f",
    "requires": [
     "3"
    ],
    "context": "host"
   },
   "14": {
    "ref": "catch2/2.13.4#0ce54fc9e052a331512dba669f244cad",
    "context": "host"
   }
  },
  "revisions_enabled": true
 },
 "version": "0.4"
}