{
    "version": "0.5",
    "requires": [
        "variant-lite/2.0.0#780ff2755d9b871f363162878f2f2e6d%1669070182.312",
        "string-view-lite/1.6.0#5e4595946a0836fff9e8e376977f6715%1669070185.835",
        "spdlog/1.10.0#5881717ce085871b1a2921361eb79986%1669069464.733",
        "restinio/0.6.15#cd53ea7d25dddc2909ef610629505287%1669070795.075663",
        "optional-lite/3.5.0#259542967a622d92835f8151d9435c96%1669070191.742",
        "openssl/1.1.1s#b304462aeda9923b735e6b37368c233e%1669070064.28737",
        "nlohmann_json/3.11.2#a35423bb6e1eb8f931423557e282c7ed%1666619820.488",
        "lyra/1.6.0#ecd0950459f9c1e1c3fcbb7ce0b4b332%1667414504.477",
        "json-schema-validator/2.1.0#bfb523f45a8a549671d0d25837ab5177%1668468399.733",
        "http_parser/2.9.4#e596aa5f4d7bb25e67f1f57ed9611746%1669070176.733",
        "fmt/8.1.1#a648a253fda34574733fc2d9aa54cd1c%1669070194.064",
        "expected-lite/0.5.0#ff8976c27dd7fd3412583044ce1e6324%1669070179.712",
        "catch2/2.13.9#fc6c64c1de14885ed0b02422dfad3acb%1669071166.9484532",
        "asio/1.22.1#85b86d3c57e249e468d0cf18e515946e%1669070189.402"
    ],
    "build_requires": [],
    "python_requires": []
}